
Microsoft Visual Studio Solution File, Format Version 12.00
# Visual Studio Version 16
VisualStudioVersion = 16.0.31729.503
MinimumVisualStudioVersion = 10.0.40219.1
Project("{FAE04EC0-301F-11D3-BF4B-00C04F79EFBC}") = "OseProject2022", "OseProject2022\OseProject2022.csproj", "{CD22337A-18A1-4C61-BFDA-2220EF5E3E7A}"
EndProject
Global
	GlobalSection(SolutionConfigurationPlatforms) = preSolution
		Debug|Any CPU = Debug|Any CPU
		Release|Any CPU = Release|Any CPU
	EndGlobalSection
	GlobalSection(ProjectConfigurationPlatforms) = postSolution
		{CD22337A-18A1-4C61-BFDA-2220EF5E3E7A}.Debug|Any CPU.ActiveCfg = Debug|Any CPU
		{CD22337A-18A1-4C61-BFDA-2220EF5E3E7A}.Debug|Any CPU.Build.0 = Debug|Any CPU
		{CD22337A-18A1-4C61-BFDA-2220EF5E3E7A}.Release|Any CPU.ActiveCfg = Release|Any CPU
		{CD22337A-18A1-4C61-BFDA-2220EF5E3E7A}.Release|Any CPU.Build.0 = Release|Any CPU
	EndGlobalSection
	GlobalSection(SolutionProperties) = preSolution
		HideSolutionNode = FALSE
	EndGlobalSection
	GlobalSection(ExtensibilityGlobals) = postSolution
		SolutionGuid = {C2DB9355-BC58-4534-8BAF-300E5C58627C}
	EndGlobalSection
EndGlobal
